
Microsoft Visual Studio Solution File, Format Version 12.00
# Visual Studio Version 16
VisualStudioVersion = 16.0.29613.14
MinimumVisualStudioVersion = 10.0.40219.1
Project("{8BC9CEB8-8B4A-11D0-8D11-00A0C91BC942}") = "TCPClient", "TCPClient\TCPClient.vcxproj", "{E0D5A1AE-9F34-4273-AB76-304BD0D42CF0}"
EndProject
Project("{8BC9CEB8-8B4A-11D0-8D11-00A0C91BC942}") = "TCPServe", "TCPServe\TCPServe.vcxproj", "{4B7DDB0E-EACF-49A2-9C82-BCFB836E73DE}"
EndProject
Global
	GlobalSection(SolutionConfigurationPlatforms) = preSolution
		Debug|x64 = Debug|x64
		Debug|x86 = Debug|x86
		Release|x64 = Release|x64
		Release|x86 = Release|x86
	EndGlobalSection
	GlobalSection(ProjectConfigurationPlatforms) = postSolution
		{E0D5A1AE-9F34-4273-AB76-304BD0D42CF0}.Debug|x64.ActiveCfg = Debug|x64
		{E0D5A1AE-9F34-4273-AB76-304BD0D42CF0}.Debug|x64.Build.0 = Debug|x64
		{E0D5A1AE-9F34-4273-AB76-304BD0D42CF0}.Debug|x86.ActiveCfg = Debug|Win32
		{E0D5A1AE-9F34-4273-AB76-304BD0D42CF0}.Debug|x86.Build.0 = Debug|Win32
		{E0D5A1AE-9F34-4273-AB76-304BD0D42CF0}.Release|x64.ActiveCfg = Release|x64
		{E0D5A1AE-9F34-4273-AB76-304BD0D42CF0}.Release|x64.Build.0 = Release|x64
		{E0D5A1AE-9F34-4273-AB76-304BD0D42CF0}.Release|x86.ActiveCfg = Release|Win32
		{E0D5A1AE-9F34-4273-AB76-304BD0D42CF0}.Release|x86.Build.0 = Release|Win32
		{4B7DDB0E-EACF-49A2-9C82-BCFB836E73DE}.Debug|x64.ActiveCfg = Debug|x64
		{4B7DDB0E-EACF-49A2-9C82-BCFB836E73DE}.Debug|x64.Build.0 = Debug|x64
		{4B7DDB0E-EACF-49A2-9C82-BCFB836E73DE}.Debug|x86.ActiveCfg = Debug|Win32
		{4B7DDB0E-EACF-49A2-9C82-BCFB836E73DE}.Debug|x86.Build.0 = Debug|Win32
		{4B7DDB0E-EACF-49A2-9C82-BCFB836E73DE}.Release|x64.ActiveCfg = Release|x64
		{4B7DDB0E-EACF-49A2-9C82-BCFB836E73DE}.Release|x64.Build.0 = Release|x64
		{4B7DDB0E-EACF-49A2-9C82-BCFB836E73DE}.Release|x86.ActiveCfg = Release|Win32
		{4B7DDB0E-EACF-49A2-9C82-BCFB836E73DE}.Release|x86.Build.0 = Release|Win32
	EndGlobalSection
	GlobalSection(SolutionProperties) = preSolution
		HideSolutionNode = FALSE
	EndGlobalSection
	GlobalSection(ExtensibilityGlobals) = postSolution
		SolutionGuid = {84A2EBC9-269C-4CDA-B3A4-BCA7A476AC24}
	EndGlobalSection
EndGlobal
